Microsoft Visual Studio Solution File, Format Version 7.00
Project("{8BC9CEB8-8B4A-11D0-8D11-00A0C91BC942}") = "Grid", "Grid.vcproj", "{4ECDC4C0-1E42-4791-89A5-E99D3A22546E}"
EndProject
Project("{8BC9CEB8-8B4A-11D0-8D11-00A0C91BC942}") = "ALXGrid", "..\..\ALXGrid.vcproj", "{3E8804DA-0902-4ACE-AD2D-C35B4A62F68C}"
EndProject
Global
	GlobalSection(SolutionConfiguration) = preSolution
		ConfigName.0 = Debug
		ConfigName.1 = Debug static
		ConfigName.2 = Pseudo_Debug
		ConfigName.3 = Release
		ConfigName.4 = Release static
	EndGlobalSection
	GlobalSection(ProjectDependencies) = postSolution
	EndGlobalSection
	GlobalSection(ProjectConfiguration) = postSolution
		{4ECDC4C0-1E42-4791-89A5-E99D3A22546E}.Debug.ActiveCfg = Debug|Win32
		{4ECDC4C0-1E42-4791-89A5-E99D3A22546E}.Debug.Build.0 = Debug|Win32
		{4ECDC4C0-1E42-4791-89A5-E99D3A22546E}.Debug static.ActiveCfg = Debug|Win32
		{4ECDC4C0-1E42-4791-89A5-E99D3A22546E}.Debug static.Build.0 = Debug|Win32
		{4ECDC4C0-1E42-4791-89A5-E99D3A22546E}.Pseudo_Debug.ActiveCfg = Debug|Win32
		{4ECDC4C0-1E42-4791-89A5-E99D3A22546E}.Pseudo_Debug.Build.0 = Debug|Win32
		{4ECDC4C0-1E42-4791-89A5-E99D3A22546E}.Release.ActiveCfg = Release|Win32
		{4ECDC4C0-1E42-4791-89A5-E99D3A22546E}.Release.Build.0 = Release|Win32
		{4ECDC4C0-1E42-4791-89A5-E99D3A22546E}.Release static.ActiveCfg = Release|Win32
		{4ECDC4C0-1E42-4791-89A5-E99D3A22546E}.Release static.Build.0 = Release|Win32
		{3E8804DA-0902-4ACE-AD2D-C35B4A62F68C}.Debug.ActiveCfg = Debug|Win32
		{3E8804DA-0902-4ACE-AD2D-C35B4A62F68C}.Debug.Build.0 = Debug|Win32
		{3E8804DA-0902-4ACE-AD2D-C35B4A62F68C}.Debug static.ActiveCfg = Debug static|Win32
		{3E8804DA-0902-4ACE-AD2D-C35B4A62F68C}.Debug static.Build.0 = Debug static|Win32
		{3E8804DA-0902-4ACE-AD2D-C35B4A62F68C}.Pseudo_Debug.ActiveCfg = Pseudo_Debug|Win32
		{3E8804DA-0902-4ACE-AD2D-C35B4A62F68C}.Pseudo_Debug.Build.0 = Pseudo_Debug|Win32
		{3E8804DA-0902-4ACE-AD2D-C35B4A62F68C}.Release.ActiveCfg = Release|Win32
		{3E8804DA-0902-4ACE-AD2D-C35B4A62F68C}.Release.Build.0 = Release|Win32
		{3E8804DA-0902-4ACE-AD2D-C35B4A62F68C}.Release static.ActiveCfg = Release static|Win32
		{3E8804DA-0902-4ACE-AD2D-C35B4A62F68C}.Release static.Build.0 = Release static|Win32
	EndGlobalSection
	GlobalSection(ExtensibilityGlobals) = postSolution
	EndGlobalSection
	GlobalSection(ExtensibilityAddIns) = postSolution
	EndGlobalSection
EndGlobal
