Microsoft Visual Studio Solution File, Format Version 7.00
Project("{8BC9CEB8-8B4A-11D0-8D11-00A0C91BC942}") = "Grid", "Grid.vcproj", "{8E8743E3-61FF-41D5-A3B6-DB03CEA8FBD8}"
EndProject
Project("{8BC9CEB8-8B4A-11D0-8D11-00A0C91BC942}") = "ALXGrid", "..\..\ALXGrid.vcproj", "{6B1AA5E3-624A-43A7-B2DC-4D77105B278F}"
EndProject
Global
	GlobalSection(SolutionConfiguration) = preSolution
		ConfigName.0 = Debug
		ConfigName.1 = Debug static
		ConfigName.2 = Pseudo_Debug
		ConfigName.3 = Release
		ConfigName.4 = Release static
	EndGlobalSection
	GlobalSection(ProjectDependencies) = postSolution
	EndGlobalSection
	GlobalSection(ProjectConfiguration) = postSolution
		{8E8743E3-61FF-41D5-A3B6-DB03CEA8FBD8}.Debug.ActiveCfg = Debug|Win32
		{8E8743E3-61FF-41D5-A3B6-DB03CEA8FBD8}.Debug.Build.0 = Debug|Win32
		{8E8743E3-61FF-41D5-A3B6-DB03CEA8FBD8}.Debug static.ActiveCfg = Debug|Win32
		{8E8743E3-61FF-41D5-A3B6-DB03CEA8FBD8}.Debug static.Build.0 = Debug|Win32
		{8E8743E3-61FF-41D5-A3B6-DB03CEA8FBD8}.Pseudo_Debug.ActiveCfg = Debug|Win32
		{8E8743E3-61FF-41D5-A3B6-DB03CEA8FBD8}.Pseudo_Debug.Build.0 = Debug|Win32
		{8E8743E3-61FF-41D5-A3B6-DB03CEA8FBD8}.Release.ActiveCfg = Release|Win32
		{8E8743E3-61FF-41D5-A3B6-DB03CEA8FBD8}.Release.Build.0 = Release|Win32
		{8E8743E3-61FF-41D5-A3B6-DB03CEA8FBD8}.Release static.ActiveCfg = Release|Win32
		{8E8743E3-61FF-41D5-A3B6-DB03CEA8FBD8}.Release static.Build.0 = Release|Win32
		{6B1AA5E3-624A-43A7-B2DC-4D77105B278F}.Debug.ActiveCfg = Debug|Win32
		{6B1AA5E3-624A-43A7-B2DC-4D77105B278F}.Debug.Build.0 = Debug|Win32
		{6B1AA5E3-624A-43A7-B2DC-4D77105B278F}.Debug static.ActiveCfg = Debug static|Win32
		{6B1AA5E3-624A-43A7-B2DC-4D77105B278F}.Debug static.Build.0 = Debug static|Win32
		{6B1AA5E3-624A-43A7-B2DC-4D77105B278F}.Pseudo_Debug.ActiveCfg = Pseudo_Debug|Win32
		{6B1AA5E3-624A-43A7-B2DC-4D77105B278F}.Pseudo_Debug.Build.0 = Pseudo_Debug|Win32
		{6B1AA5E3-624A-43A7-B2DC-4D77105B278F}.Release.ActiveCfg = Release|Win32
		{6B1AA5E3-624A-43A7-B2DC-4D77105B278F}.Release.Build.0 = Release|Win32
		{6B1AA5E3-624A-43A7-B2DC-4D77105B278F}.Release static.ActiveCfg = Release static|Win32
		{6B1AA5E3-624A-43A7-B2DC-4D77105B278F}.Release static.Build.0 = Release static|Win32
	EndGlobalSection
	GlobalSection(ExtensibilityGlobals) = postSolution
	EndGlobalSection
	GlobalSection(ExtensibilityAddIns) = postSolution
	EndGlobalSection
EndGlobal
